PODS:
  - YDNavigationController (0.1.4)

DEPENDENCIES:
  - YDNavigationController (from `../`)

EXTERNAL SOURCES:
  YDNavigationController:
    :path: "../"

SPEC CHECKSUMS:
  YDNavigationController: fb0b1332f4d4b3694fa2607ca6ec96926d11f3e0

PODFILE CHECKSUM: d47b60bc2fe8a8c9ca0d228f7496c3b5f6a06a01

COCOAPODS: 1.5.3
