PODS:
  - YDNavigationController (0.1.5)

DEPENDENCIES:
  - YDNavigationController (from `../`)

EXTERNAL SOURCES:
  YDNavigationController:
    :path: "../"

SPEC CHECKSUMS:
  YDNavigationController: 0ac819bc2f628b1e39914a5ef613afed1779610b

PODFILE CHECKSUM: d47b60bc2fe8a8c9ca0d228f7496c3b5f6a06a01

COCOAPODS: 1.5.3
