PODS:
  - YDNavigationController (0.1.2)

DEPENDENCIES:
  - YDNavigationController (from `../`)

EXTERNAL SOURCES:
  YDNavigationController:
    :path: "../"

SPEC CHECKSUMS:
  YDNavigationController: 1ec280f078e4a72744d7e75d9e85f5f12dd91446

PODFILE CHECKSUM: d47b60bc2fe8a8c9ca0d228f7496c3b5f6a06a01

COCOAPODS: 1.5.3
